Microsoft Visual Studio Solution File, Format Version 12.00
# Visual Studio Version 17
VisualStudioVersion = 17.5.2.0
MinimumVisualStudioVersion = 10.0.40219.1
Project("{FAE04EC0-301F-11D3-BF4B-00C04F79EFBC}") = "auth-dotnet-api", "auth-dotnet-api.csproj", "{B733E867-5CC2-B8BA-D1B0-3285C748CE6C}"
EndProject
Global
	GlobalSection(SolutionConfigurationPlatforms) = preSolution
		Debug|Any CPU = Debug|Any CPU
		Release|Any CPU = Release|Any CPU
	EndGlobalSection
	GlobalSection(ProjectConfigurationPlatforms) = postSolution
		{B733E867-5CC2-B8BA-D1B0-3285C748CE6C}.Debug|Any CPU.ActiveCfg = Debug|Any CPU
		{B733E867-5CC2-B8BA-D1B0-3285C748CE6C}.Debug|Any CPU.Build.0 = Debug|Any CPU
		{B733E867-5CC2-B8BA-D1B0-3285C748CE6C}.Release|Any CPU.ActiveCfg = Release|Any CPU
		{B733E867-5CC2-B8BA-D1B0-3285C748CE6C}.Release|Any CPU.Build.0 = Release|Any CPU
	EndGlobalSection
	GlobalSection(SolutionProperties) = preSolution
		HideSolutionNode = FALSE
	EndGlobalSection
	GlobalSection(ExtensibilityGlobals) = postSolution
		SolutionGuid = {3E64F4F0-6B49-482E-B799-BE3D29B59DC5}
	EndGlobalSection
EndGlobal
